
Microsoft Visual Studio Solution File, Format Version 12.00
# Visual Studio Version 17
VisualStudioVersion = 17.4.33110.190
MinimumVisualStudioVersion = 10.0.40219.1
Project("{FAE04EC0-301F-11D3-BF4B-00C04F79EFBC}") = "CodeToDatabase1", "CodeToDatabase1\CodeToDatabase1.csproj", "{06545925-BD82-4409-95E3-0C7E45073104}"
EndProject
Global
	GlobalSection(SolutionConfigurationPlatforms) = preSolution
		Debug|Any CPU = Debug|Any CPU
		Release|Any CPU = Release|Any CPU
	EndGlobalSection
	GlobalSection(ProjectConfigurationPlatforms) = postSolution
		{06545925-BD82-4409-95E3-0C7E45073104}.Debug|Any CPU.ActiveCfg = Debug|Any CPU
		{06545925-BD82-4409-95E3-0C7E45073104}.Debug|Any CPU.Build.0 = Debug|Any CPU
		{06545925-BD82-4409-95E3-0C7E45073104}.Release|Any CPU.ActiveCfg = Release|Any CPU
		{06545925-BD82-4409-95E3-0C7E45073104}.Release|Any CPU.Build.0 = Release|Any CPU
	EndGlobalSection
	GlobalSection(SolutionProperties) = preSolution
		HideSolutionNode = FALSE
	EndGlobalSection
	GlobalSection(ExtensibilityGlobals) = postSolution
		SolutionGuid = {1B4F425E-5B6C-4092-B173-E7B22F839B6D}
	EndGlobalSection
EndGlobal
